
Microsoft Visual Studio Solution File, Format Version 12.00
# Visual Studio Version 17
VisualStudioVersion = 17.5.33530.505
MinimumVisualStudioVersion = 10.0.40219.1
Project("{FAE04EC0-301F-11D3-BF4B-00C04F79EFBC}") = "THManager", "THManager\THManager.csproj", "{7FC1EC80-1A44-4FB3-97BE-90B3EE56ACCB}"
EndProject
Project("{FAE04EC0-301F-11D3-BF4B-00C04F79EFBC}") = "Example", "Example\Example.csproj", "{258FF20B-24A2-4583-A6E8-E402B7229D59}"
EndProject
Global
	GlobalSection(SolutionConfigurationPlatforms) = preSolution
		Debug|Any CPU = Debug|Any CPU
		Release|Any CPU = Release|Any CPU
	EndGlobalSection
	GlobalSection(ProjectConfigurationPlatforms) = postSolution
		{7FC1EC80-1A44-4FB3-97BE-90B3EE56ACCB}.Debug|Any CPU.ActiveCfg = Debug|Any CPU
		{7FC1EC80-1A44-4FB3-97BE-90B3EE56ACCB}.Debug|Any CPU.Build.0 = Debug|Any CPU
		{7FC1EC80-1A44-4FB3-97BE-90B3EE56ACCB}.Release|Any CPU.ActiveCfg = Release|Any CPU
		{7FC1EC80-1A44-4FB3-97BE-90B3EE56ACCB}.Release|Any CPU.Build.0 = Release|Any CPU
		{258FF20B-24A2-4583-A6E8-E402B7229D59}.Debug|Any CPU.ActiveCfg = Debug|Any CPU
		{258FF20B-24A2-4583-A6E8-E402B7229D59}.Debug|Any CPU.Build.0 = Debug|Any CPU
		{258FF20B-24A2-4583-A6E8-E402B7229D59}.Release|Any CPU.ActiveCfg = Release|Any CPU
		{258FF20B-24A2-4583-A6E8-E402B7229D59}.Release|Any CPU.Build.0 = Release|Any CPU
	EndGlobalSection
	GlobalSection(SolutionProperties) = preSolution
		HideSolutionNode = FALSE
	EndGlobalSection
	GlobalSection(ExtensibilityGlobals) = postSolution
		SolutionGuid = {DD70717E-8218-4793-A45B-D5C8DEF6E8E9}
	EndGlobalSection
EndGlobal
